PODS:
  - BEMCheckBox (1.4.1)
  - boost (1.76.0)
  - BVLinearGradient (2.8.3):
    - React-Core
  - CocoaAsyncSocket (7.6.5)
  - DoubleConversion (1.1.6)
  - FBLazyVector (0.72.9)
  - FBReactNativeSpec (0.72.9):
    - RCT-Folly (= 2021.07.22.00)
    - RCTRequired (= 0.72.9)
    - RCTTypeSafety (= 0.72.9)
    - React-Core (= 0.72.9)
    - React-jsi (= 0.72.9)
    - ReactCommon/turbomodule/core (= 0.72.9)
  - Firebase/Auth (10.14.0):
    - Firebase/CoreOnly
    - FirebaseAuth (~> 10.14.0)
  - Firebase/CoreOnly (10.14.0):
    - FirebaseCore (= 10.14.0)
  - Firebase/Messaging (10.14.0):
    - Firebase/CoreOnly
    - FirebaseMessaging (~> 10.14.0)
  - FirebaseAppCheckInterop (10.29.0)
  - FirebaseAuth (10.14.0):
    - FirebaseAppCheckInterop (~> 10.0)
    - FirebaseCore (~> 10.0)
    - GoogleUtilities/AppDelegateSwizzler (~> 7.8)
    - GoogleUtilities/Environment (~> 7.8)
    - GTMSessionFetcher/Core (< 4.0, >= 2.1)
    - RecaptchaInterop (~> 100.0)
  - FirebaseCore (10.14.0):
    - FirebaseCoreInternal (~> 10.0)
    - GoogleUtilities/Environment (~> 7.8)
    - GoogleUtilities/Logger (~> 7.8)
  - FirebaseCoreExtension (10.14.0):
    - FirebaseCore (~> 10.0)
  - FirebaseCoreInternal (10.29.0):
    - "GoogleUtilities/NSData+zlib (~> 7.8)"
  - FirebaseInstallations (10.29.0):
    - FirebaseCore (~> 10.0)
    - GoogleUtilities/Environment (~> 7.8)
    - GoogleUtilities/UserDefaults (~> 7.8)
    - PromisesObjC (~> 2.1)
  - FirebaseMessaging (10.14.0):
    - FirebaseCore (~> 10.0)
    - FirebaseInstallations (~> 10.0)
    - GoogleDataTransport (~> 9.2)
    - GoogleUtilities/AppDelegateSwizzler (~> 7.8)
    - GoogleUtilities/Environment (~> 7.8)
    - GoogleUtilities/Reachability (~> 7.8)
    - GoogleUtilities/UserDefaults (~> 7.8)
    - nanopb (< 2.30910.0, >= 2.30908.0)
  - Flipper (0.182.0):
    - Flipper-Folly (~> 2.6)
  - Flipper-Boost-iOSX (1.76.0.1.11)
  - Flipper-DoubleConversion (3.2.0.1)
  - Flipper-Fmt (7.1.7)
  - Flipper-Folly (2.6.10):
    - Flipper-Boost-iOSX
    - Flipper-DoubleConversion
    - Flipper-Fmt (= 7.1.7)
    - Flipper-Glog
    - libevent (~> 2.1.12)
    - OpenSSL-Universal (= 1.1.1100)
  - Flipper-Glog (0.5.0.5)
  - Flipper-PeerTalk (0.0.4)
  - FlipperKit (0.182.0):
    - FlipperKit/Core (= 0.182.0)
  - FlipperKit/Core (0.182.0):
    - Flipper (~> 0.182.0)
    - FlipperKit/CppBridge
    - FlipperKit/FBCxxFollyDynamicConvert
    - FlipperKit/FBDefines
    - FlipperKit/FKPortForwarding
    - SocketRocket (~> 0.6.0)
  - FlipperKit/CppBridge (0.182.0):
    - Flipper (~> 0.182.0)
  - FlipperKit/FBCxxFollyDynamicConvert (0.182.0):
    - Flipper-Folly (~> 2.6)
  - FlipperKit/FBDefines (0.182.0)
  - FlipperKit/FKPortForwarding (0.182.0):
    - CocoaAsyncSocket (~> 7.6)
    - Flipper-PeerTalk (~> 0.0.4)
  - FlipperKit/FlipperKitHighlightOverlay (0.182.0)
  - FlipperKit/FlipperKitLayoutHelpers (0.182.0):
    - FlipperKit/Core
    - FlipperKit/FlipperKitHighlightOverlay
    - FlipperKit/FlipperKitLayoutTextSearchable
  - FlipperKit/FlipperKitLayoutIOSDescriptors (0.182.0):
    - FlipperKit/Core
    - FlipperKit/FlipperKitHighlightOverlay
    - FlipperKit/FlipperKitLayoutHelpers
    - YogaKit (~> 1.18)
  - FlipperKit/FlipperKitLayoutPlugin (0.182.0):
    - FlipperKit/Core
    - FlipperKit/FlipperKitHighlightOverlay
    - FlipperKit/FlipperKitLayoutHelpers
    - FlipperKit/FlipperKitLayoutIOSDescriptors
    - FlipperKit/FlipperKitLayoutTextSearchable
    - YogaKit (~> 1.18)
  - FlipperKit/FlipperKitLayoutTextSearchable (0.182.0)
  - FlipperKit/FlipperKitNetworkPlugin (0.182.0):
    - FlipperKit/Core
  - FlipperKit/FlipperKitReactPlugin (0.182.0):
    - FlipperKit/Core
  - FlipperKit/FlipperKitUserDefaultsPlugin (0.182.0):
    - FlipperKit/Core
  - FlipperKit/SKIOSNetworkPlugin (0.182.0):
    - FlipperKit/Core
    - FlipperKit/FlipperKitNetworkPlugin
  - fmt (6.2.1)
  - glog (0.3.5)
  - GoogleAppMeasurement (10.29.0):
    - GoogleAppMeasurement/AdIdSupport (= 10.29.0)
    - GoogleUtilities/AppDelegateSwizzler (~> 7.11)
    - GoogleUtilities/MethodSwizzler (~> 7.11)
    - GoogleUtilities/Network (~> 7.11)
    - "GoogleUtilities/NSData+zlib (~> 7.11)"
    - nanopb (< 2.30911.0, >= 2.30908.0)
  - GoogleAppMeasurement/AdIdSupport (10.29.0):
    - GoogleAppMeasurement/WithoutAdIdSupport (= 10.29.0)
    - GoogleUtilities/AppDelegateSwizzler (~> 7.11)
    - GoogleUtilities/MethodSwizzler (~> 7.11)
    - GoogleUtilities/Network (~> 7.11)
    - "GoogleUtilities/NSData+zlib (~> 7.11)"
    - nanopb (< 2.30911.0, >= 2.30908.0)
  - GoogleAppMeasurement/WithoutAdIdSupport (10.29.0):
    - GoogleUtilities/AppDelegateSwizzler (~> 7.11)
    - GoogleUtilities/MethodSwizzler (~> 7.11)
    - GoogleUtilities/Network (~> 7.11)
    - "GoogleUtilities/NSData+zlib (~> 7.11)"
    - nanopb (< 2.30911.0, >= 2.30908.0)
  - GoogleDataTransport (9.4.1):
    - GoogleUtilities/Environment (~> 7.7)
    - nanopb (< 2.30911.0, >= 2.30908.0)
    - PromisesObjC (< 3.0, >= 1.2)
  - GoogleUtilities (7.13.3):
    - GoogleUtilities/AppDelegateSwizzler (= 7.13.3)
    - GoogleUtilities/Environment (= 7.13.3)
    - GoogleUtilities/ISASwizzler (= 7.13.3)
    - GoogleUtilities/Logger (= 7.13.3)
    - GoogleUtilities/MethodSwizzler (= 7.13.3)
    - GoogleUtilities/Network (= 7.13.3)
    - "GoogleUtilities/NSData+zlib (= 7.13.3)"
    - GoogleUtilities/Privacy (= 7.13.3)
    - GoogleUtilities/Reachability (= 7.13.3)
    - GoogleUtilities/SwizzlerTestHelpers (= 7.13.3)
    - GoogleUtilities/UserDefaults (= 7.13.3)
  - GoogleUtilities/AppDelegateSwizzler (7.13.3):
    - GoogleUtilities/Environment
    - GoogleUtilities/Logger
    - GoogleUtilities/Network
    - GoogleUtilities/Privacy
  - GoogleUtilities/Environment (7.13.3):
    - GoogleUtilities/Privacy
    - PromisesObjC (< 3.0, >= 1.2)
  - GoogleUtilities/ISASwizzler (7.13.3):
    - GoogleUtilities/Privacy
  - GoogleUtilities/Logger (7.13.3):
    - GoogleUtilities/Environment
    - GoogleUtilities/Privacy
  - GoogleUtilities/MethodSwizzler (7.13.3):
    - GoogleUtilities/Logger
    - GoogleUtilities/Privacy
  - GoogleUtilities/Network (7.13.3):
    - GoogleUtilities/Logger
    - "GoogleUtilities/NSData+zlib"
    - GoogleUtilities/Privacy
    - GoogleUtilities/Reachability
  - "GoogleUtilities/NSData+zlib (7.13.3)":
    - GoogleUtilities/Privacy
  - GoogleUtilities/Privacy (7.13.3)
  - GoogleUtilities/Reachability (7.13.3):
    - GoogleUtilities/Logger
    - GoogleUtilities/Privacy
  - GoogleUtilities/SwizzlerTestHelpers (7.13.3):
    - GoogleUtilities/MethodSwizzler
  - GoogleUtilities/UserDefaults (7.13.3):
    - GoogleUtilities/Logger
    - GoogleUtilities/Privacy
  - GTMSessionFetcher/Core (3.5.0)
  - libevent (2.1.12)
  - libwebp (1.5.0):
    - libwebp/demux (= 1.5.0)
    - libwebp/mux (= 1.5.0)
    - libwebp/sharpyuv (= 1.5.0)
    - libwebp/webp (= 1.5.0)
  - libwebp/demux (1.5.0):
    - libwebp/webp
  - libwebp/mux (1.5.0):
    - libwebp/demux
  - libwebp/sharpyuv (1.5.0)
  - libwebp/webp (1.5.0):
    - libwebp/sharpyuv
  - nanopb (2.30909.1):
    - nanopb/decode (= 2.30909.1)
    - nanopb/encode (= 2.30909.1)
  - nanopb/decode (2.30909.1)
  - nanopb/encode (2.30909.1)
  - OpenSSL-Universal (1.1.1100)
  - PromisesObjC (2.4.0)
  - RCT-Folly (2021.07.22.00):
    - boost
    - DoubleConversion
    - fmt (~> 6.2.1)
    - glog
    - RCT-Folly/Default (= 2021.07.22.00)
  - RCT-Folly/Default (2021.07.22.00):
    - boost
    - DoubleConversion
    - fmt (~> 6.2.1)
    - glog
  - RCTRequired (0.72.9)
  - RCTTypeSafety (0.72.9):
    - FBLazyVector (= 0.72.9)
    - RCTRequired (= 0.72.9)
    - React-Core (= 0.72.9)
  - React (0.72.9):
    - React-Core (= 0.72.9)
    - React-Core/DevSupport (= 0.72.9)
    - React-Core/RCTWebSocket (= 0.72.9)
    - React-RCTActionSheet (= 0.72.9)
    - React-RCTAnimation (= 0.72.9)
    - React-RCTBlob (= 0.72.9)
    - React-RCTImage (= 0.72.9)
    - React-RCTLinking (= 0.72.9)
    - React-RCTNetwork (= 0.72.9)
    - React-RCTSettings (= 0.72.9)
    - React-RCTText (= 0.72.9)
    - React-RCTVibration (= 0.72.9)
  - React-callinvoker (0.72.9)
  - React-Codegen (0.72.9):
    - DoubleConversion
    - FBReactNativeSpec
    - glog
    - RCT-Folly
    - RCTRequired
    - RCTTypeSafety
    - React-Core
    - React-jsc
    - React-jsi
    - React-jsiexecutor
    - React-NativeModulesApple
    - React-rncore
    - ReactCommon/turbomodule/bridging
    - ReactCommon/turbomodule/core
  - React-Core (0.72.9):
    - glog
    - RCT-Folly (= 2021.07.22.00)
    - React-Core/Default (= 0.72.9)
    - React-cxxreact
    - React-jsc
    - React-jsi
    - React-jsiexecutor
    - React-perflogger
    - React-runtimeexecutor
    - React-utils
    - SocketRocket (= 0.6.1)
    - Yoga
  - React-Core/CoreModulesHeaders (0.72.9):
    - glog
    - RCT-Folly (= 2021.07.22.00)
    - React-Core/Default
    - React-cxxreact
    - React-jsc
    - React-jsi
    - React-jsiexecutor
    - React-perflogger
    - React-runtimeexecutor
    - React-utils
    - SocketRocket (= 0.6.1)
    - Yoga
  - React-Core/Default (0.72.9):
    - glog
    - RCT-Folly (= 2021.07.22.00)
    - React-cxxreact
    - React-jsc
    - React-jsi
    - React-jsiexecutor
    - React-perflogger
    - React-runtimeexecutor
    - React-utils
    - SocketRocket (= 0.6.1)
    - Yoga
  - React-Core/DevSupport (0.72.9):
    - glog
    - RCT-Folly (= 2021.07.22.00)
    - React-Core/Default (= 0.72.9)
    - React-Core/RCTWebSocket (= 0.72.9)
    - React-cxxreact
    - React-jsc
    - React-jsi
    - React-jsiexecutor
    - React-jsinspector (= 0.72.9)
    - React-perflogger
    - React-runtimeexecutor
    - React-utils
    - SocketRocket (= 0.6.1)
    - Yoga
  - React-Core/RCTActionSheetHeaders (0.72.9):
    - glog
    - RCT-Folly (= 2021.07.22.00)
    - React-Core/Default
    - React-cxxreact
    - React-jsc
    - React-jsi
    - React-jsiexecutor
    - React-perflogger
    - React-runtimeexecutor
    - React-utils
    - SocketRocket (= 0.6.1)
    - Yoga
  - React-Core/RCTAnimationHeaders (0.72.9):
    - glog
    - RCT-Folly (= 2021.07.22.00)
    - React-Core/Default
    - React-cxxreact
    - React-jsc
    - React-jsi
    - React-jsiexecutor
    - React-perflogger
    - React-runtimeexecutor
    - React-utils
    - SocketRocket (= 0.6.1)
    - Yoga
  - React-Core/RCTBlobHeaders (0.72.9):
    - glog
    - RCT-Folly (= 2021.07.22.00)
    - React-Core/Default
    - React-cxxreact
    - React-jsc
    - React-jsi
    - React-jsiexecutor
    - React-perflogger
    - React-runtimeexecutor
    - React-utils
    - SocketRocket (= 0.6.1)
    - Yoga
  - React-Core/RCTImageHeaders (0.72.9):
    - glog
    - RCT-Folly (= 2021.07.22.00)
    - React-Core/Default
    - React-cxxreact
    - React-jsc
    - React-jsi
    - React-jsiexecutor
    - React-perflogger
    - React-runtimeexecutor
    - React-utils
    - SocketRocket (= 0.6.1)
    - Yoga
  - React-Core/RCTLinkingHeaders (0.72.9):
    - glog
    - RCT-Folly (= 2021.07.22.00)
    - React-Core/Default
    - React-cxxreact
    - React-jsc
    - React-jsi
    - React-jsiexecutor
    - React-perflogger
    - React-runtimeexecutor
    - React-utils
    - SocketRocket (= 0.6.1)
    - Yoga
  - React-Core/RCTNetworkHeaders (0.72.9):
    - glog
    - RCT-Folly (= 2021.07.22.00)
    - React-Core/Default
    - React-cxxreact
    - React-jsc
    - React-jsi
    - React-jsiexecutor
    - React-perflogger
    - React-runtimeexecutor
    - React-utils
    - SocketRocket (= 0.6.1)
    - Yoga
  - React-Core/RCTSettingsHeaders (0.72.9):
    - glog
    - RCT-Folly (= 2021.07.22.00)
    - React-Core/Default
    - React-cxxreact
    - React-jsc
    - React-jsi
    - React-jsiexecutor
    - React-perflogger
    - React-runtimeexecutor
    - React-utils
    - SocketRocket (= 0.6.1)
    - Yoga
  - React-Core/RCTTextHeaders (0.72.9):
    - glog
    - RCT-Folly (= 2021.07.22.00)
    - React-Core/Default
    - React-cxxreact
    - React-jsc
    - React-jsi
    - React-jsiexecutor
    - React-perflogger
    - React-runtimeexecutor
    - React-utils
    - SocketRocket (= 0.6.1)
    - Yoga
  - React-Core/RCTVibrationHeaders (0.72.9):
    - glog
    - RCT-Folly (= 2021.07.22.00)
    - React-Core/Default
    - React-cxxreact
    - React-jsc
    - React-jsi
    - React-jsiexecutor
    - React-perflogger
    - React-runtimeexecutor
    - React-utils
    - SocketRocket (= 0.6.1)
    - Yoga
  - React-Core/RCTWebSocket (0.72.9):
    - glog
    - RCT-Folly (= 2021.07.22.00)
    - React-Core/Default (= 0.72.9)
    - React-cxxreact
    - React-jsc
    - React-jsi
    - React-jsiexecutor
    - React-perflogger
    - React-runtimeexecutor
    - React-utils
    - SocketRocket (= 0.6.1)
    - Yoga
  - React-CoreModules (0.72.9):
    - RCT-Folly (= 2021.07.22.00)
    - RCTTypeSafety (= 0.72.9)
    - React-Codegen (= 0.72.9)
    - React-Core/CoreModulesHeaders (= 0.72.9)
    - React-jsi (= 0.72.9)
    - React-RCTBlob
    - React-RCTImage (= 0.72.9)
    - ReactCommon/turbomodule/core (= 0.72.9)
    - SocketRocket (= 0.6.1)
  - React-cxxreact (0.72.9):
    - boost (= 1.76.0)
    - DoubleConversion
    - glog
    - RCT-Folly (= 2021.07.22.00)
    - React-callinvoker (= 0.72.9)
    - React-debug (= 0.72.9)
    - React-jsi (= 0.72.9)
    - React-jsinspector (= 0.72.9)
    - React-logger (= 0.72.9)
    - React-perflogger (= 0.72.9)
    - React-runtimeexecutor (= 0.72.9)
  - React-debug (0.72.9)
  - React-jsc (0.72.9):
    - React-jsc/Fabric (= 0.72.9)
    - React-jsi (= 0.72.9)
  - React-jsc/Fabric (0.72.9):
    - React-jsi (= 0.72.9)
  - React-jsi (0.72.9):
    - boost (= 1.76.0)
    - DoubleConversion
    - glog
    - RCT-Folly (= 2021.07.22.00)
  - React-jsiexecutor (0.72.9):
    - DoubleConversion
    - glog
    - RCT-Folly (= 2021.07.22.00)
    - React-cxxreact (= 0.72.9)
    - React-jsi (= 0.72.9)
    - React-perflogger (= 0.72.9)
  - React-jsinspector (0.72.9)
  - React-logger (0.72.9):
    - glog
  - react-native-blob-util (0.19.4):
    - React-Core
  - react-native-date-picker (5.0.13):
    - React-Core
  - react-native-document-picker (9.3.1):
    - RCT-Folly (= 2021.07.22.00)
    - React-Core
  - react-native-geolocation (3.4.0):
    - RCT-Folly (= 2021.07.22.00)
    - React-Core
  - react-native-image-picker (7.1.2):
    - RCT-Folly (= 2021.07.22.00)
    - React-Core
  - react-native-maps (1.14.0):
    - React-Core
  - react-native-netinfo (9.5.0):
    - React-Core
  - react-native-ota-hot-update (2.1.0):
    - RCT-Folly (= 2021.07.22.00)
    - React-Core
    - SSZipArchive (~> 2.4.3)
  - react-native-pager-view (6.4.1):
    - RCT-Folly (= 2021.07.22.00)
    - React-Core
  - react-native-render-html (6.3.4):
    - React-Core
  - react-native-safe-area-context (4.11.0):
    - React-Core
  - react-native-webview (13.13.5):
    - RCT-Folly (= 2021.07.22.00)
    - React-Core
  - React-NativeModulesApple (0.72.9):
    - React-callinvoker
    - React-Core
    - React-cxxreact
    - React-jsi
    - React-runtimeexecutor
    - ReactCommon/turbomodule/bridging
    - ReactCommon/turbomodule/core
  - React-perflogger (0.72.9)
  - React-RCTActionSheet (0.72.9):
    - React-Core/RCTActionSheetHeaders (= 0.72.9)
  - React-RCTAnimation (0.72.9):
    - RCT-Folly (= 2021.07.22.00)
    - RCTTypeSafety (= 0.72.9)
    - React-Codegen (= 0.72.9)
    - React-Core/RCTAnimationHeaders (= 0.72.9)
    - React-jsi (= 0.72.9)
    - ReactCommon/turbomodule/core (= 0.72.9)
  - React-RCTAppDelegate (0.72.9):
    - RCT-Folly
    - RCTRequired
    - RCTTypeSafety
    - React-Core
    - React-CoreModules
    - React-jsc
    - React-NativeModulesApple
    - React-RCTImage
    - React-RCTNetwork
    - React-runtimescheduler
    - ReactCommon/turbomodule/core
  - React-RCTBlob (0.72.9):
    - RCT-Folly (= 2021.07.22.00)
    - React-Codegen (= 0.72.9)
    - React-Core/RCTBlobHeaders (= 0.72.9)
    - React-Core/RCTWebSocket (= 0.72.9)
    - React-jsi (= 0.72.9)
    - React-RCTNetwork (= 0.72.9)
    - ReactCommon/turbomodule/core (= 0.72.9)
  - React-RCTImage (0.72.9):
    - RCT-Folly (= 2021.07.22.00)
    - RCTTypeSafety (= 0.72.9)
    - React-Codegen (= 0.72.9)
    - React-Core/RCTImageHeaders (= 0.72.9)
    - React-jsi (= 0.72.9)
    - React-RCTNetwork (= 0.72.9)
    - ReactCommon/turbomodule/core (= 0.72.9)
  - React-RCTLinking (0.72.9):
    - React-Codegen (= 0.72.9)
    - React-Core/RCTLinkingHeaders (= 0.72.9)
    - React-jsi (= 0.72.9)
    - ReactCommon/turbomodule/core (= 0.72.9)
  - React-RCTNetwork (0.72.9):
    - RCT-Folly (= 2021.07.22.00)
    - RCTTypeSafety (= 0.72.9)
    - React-Codegen (= 0.72.9)
    - React-Core/RCTNetworkHeaders (= 0.72.9)
    - React-jsi (= 0.72.9)
    - ReactCommon/turbomodule/core (= 0.72.9)
  - React-RCTSettings (0.72.9):
    - RCT-Folly (= 2021.07.22.00)
    - RCTTypeSafety (= 0.72.9)
    - React-Codegen (= 0.72.9)
    - React-Core/RCTSettingsHeaders (= 0.72.9)
    - React-jsi (= 0.72.9)
    - ReactCommon/turbomodule/core (= 0.72.9)
  - React-RCTText (0.72.9):
    - React-Core/RCTTextHeaders (= 0.72.9)
  - React-RCTVibration (0.72.9):
    - RCT-Folly (= 2021.07.22.00)
    - React-Codegen (= 0.72.9)
    - React-Core/RCTVibrationHeaders (= 0.72.9)
    - React-jsi (= 0.72.9)
    - ReactCommon/turbomodule/core (= 0.72.9)
  - React-rncore (0.72.9)
  - React-runtimeexecutor (0.72.9):
    - React-jsi (= 0.72.9)
  - React-runtimescheduler (0.72.9):
    - glog
    - RCT-Folly (= 2021.07.22.00)
    - React-callinvoker
    - React-debug
    - React-jsi
    - React-runtimeexecutor
  - React-utils (0.72.9):
    - glog
    - RCT-Folly (= 2021.07.22.00)
    - React-debug
  - ReactCommon/turbomodule/bridging (0.72.9):
    - DoubleConversion
    - glog
    - RCT-Folly (= 2021.07.22.00)
    - React-callinvoker (= 0.72.9)
    - React-cxxreact (= 0.72.9)
    - React-jsi (= 0.72.9)
    - React-logger (= 0.72.9)
    - React-perflogger (= 0.72.9)
  - ReactCommon/turbomodule/core (0.72.9):
    - DoubleConversion
    - glog
    - RCT-Folly (= 2021.07.22.00)
    - React-callinvoker (= 0.72.9)
    - React-cxxreact (= 0.72.9)
    - React-jsi (= 0.72.9)
    - React-logger (= 0.72.9)
    - React-perflogger (= 0.72.9)
  - RecaptchaInterop (100.0.0)
  - RNCAsyncStorage (2.2.0):
    - React-Core
  - RNCCheckbox (0.5.20):
    - BEMCheckBox (~> 1.4)
    - React-Core
  - RNDeviceInfo (10.14.0):
    - React-Core
  - RNFastImage (8.6.3):
    - React-Core
    - SDWebImage (~> 5.11.1)
    - SDWebImageWebPCoder (~> 0.8.4)
  - RNFBApp (18.3.1):
    - Firebase/CoreOnly (= 10.14.0)
    - React-Core
  - RNFBAuth (18.3.1):
    - Firebase/Auth (= 10.14.0)
    - React-Core
    - RNFBApp
  - RNFBMessaging (18.3.1):
    - Firebase/Messaging (= 10.14.0)
    - FirebaseCoreExtension (= 10.14.0)
    - React-Core
    - RNFBApp
  - RNFileViewer (2.1.5):
    - React-Core
  - RNFS (2.20.0):
    - React-Core
  - RNGestureHandler (2.12.0):
    - React-Core
  - RNImageCropPicker (0.51.1):
    - RCT-Folly (= 2021.07.22.00)
    - React-Core
    - React-RCTImage
    - RNImageCropPicker/QBImagePickerController (= 0.51.1)
    - TOCropViewController (~> 2.8.0)
  - RNImageCropPicker/QBImagePickerController (0.51.1):
    - RCT-Folly (= 2021.07.22.00)
    - React-Core
    - React-RCTImage
    - TOCropViewController (~> 2.8.0)
  - RNNotifee (9.1.8):
    - React-Core
    - RNNotifee/NotifeeCore (= 9.1.8)
  - RNNotifee/NotifeeCore (9.1.8):
    - React-Core
  - RNPermissions (5.4.2):
    - React-Core
  - RNReanimated (3.5.1):
    - DoubleConversion
    - FBLazyVector
    - glog
    - RCT-Folly
    - RCTRequired
    - RCTTypeSafety
    - React-callinvoker
    - React-Core
    - React-Core/DevSupport
    - React-Core/RCTWebSocket
    - React-CoreModules
    - React-cxxreact
    - React-jsi
    - React-jsiexecutor
    - React-jsinspector
    - React-RCTActionSheet
    - React-RCTAnimation
    - React-RCTAppDelegate
    - React-RCTBlob
    - React-RCTImage
    - React-RCTLinking
    - React-RCTNetwork
    - React-RCTSettings
    - React-RCTText
    - ReactCommon/turbomodule/core
    - Yoga
  - RNScreens (3.27.0):
    - RCT-Folly (= 2021.07.22.00)
    - React-Core
  - RNSharedElement (0.8.9):
    - React-Core
  - RNSVG (15.7.1):
    - React-Core
  - RNVectorIcons (10.3.0):
    - RCT-Folly (= 2021.07.22.00)
    - React-Core
  - SDWebImage (5.11.1):
    - SDWebImage/Core (= 5.11.1)
  - SDWebImage/Core (5.11.1)
  - SDWebImageWebPCoder (0.8.5):
    - libwebp (~> 1.0)
    - SDWebImage/Core (~> 5.10)
  - SocketRocket (0.6.1)
  - SSZipArchive (2.4.3)
  - TOCropViewController (2.8.0)
  - Yoga (1.14.0)
  - YogaKit (1.18.1):
    - Yoga (~> 1.14)

DEPENDENCIES:
  - boost (from `../node_modules/react-native/third-party-podspecs/boost.podspec`)
  - BVLinearGradient (from `../node_modules/react-native-linear-gradient`)
  - DoubleConversion (from `../node_modules/react-native/third-party-podspecs/DoubleConversion.podspec`)
  - FBLazyVector (from `../node_modules/react-native/Libraries/FBLazyVector`)
  - FBReactNativeSpec (from `../node_modules/react-native/React/FBReactNativeSpec`)
  - FirebaseCore
  - FirebaseCoreInternal
  - Flipper (= 0.182.0)
  - Flipper-Boost-iOSX (= 1.76.0.1.11)
  - Flipper-DoubleConversion (= 3.2.0.1)
  - Flipper-Fmt (= 7.1.7)
  - Flipper-Folly (= 2.6.10)
  - Flipper-Glog (= 0.5.0.5)
  - Flipper-PeerTalk (= 0.0.4)
  - FlipperKit (= 0.182.0)
  - FlipperKit/Core (= 0.182.0)
  - FlipperKit/CppBridge (= 0.182.0)
  - FlipperKit/FBCxxFollyDynamicConvert (= 0.182.0)
  - FlipperKit/FBDefines (= 0.182.0)
  - FlipperKit/FKPortForwarding (= 0.182.0)
  - FlipperKit/FlipperKitHighlightOverlay (= 0.182.0)
  - FlipperKit/FlipperKitLayoutPlugin (= 0.182.0)
  - FlipperKit/FlipperKitLayoutTextSearchable (= 0.182.0)
  - FlipperKit/FlipperKitNetworkPlugin (= 0.182.0)
  - FlipperKit/FlipperKitReactPlugin (= 0.182.0)
  - FlipperKit/FlipperKitUserDefaultsPlugin (= 0.182.0)
  - FlipperKit/SKIOSNetworkPlugin (= 0.182.0)
  - glog (from `../node_modules/react-native/third-party-podspecs/glog.podspec`)
  - GoogleAppMeasurement
  - GoogleDataTransport
  - GoogleUtilities
  - OpenSSL-Universal (= 1.1.1100)
  - RCT-Folly (from `../node_modules/react-native/third-party-podspecs/RCT-Folly.podspec`)
  - RCTRequired (from `../node_modules/react-native/Libraries/RCTRequired`)
  - RCTTypeSafety (from `../node_modules/react-native/Libraries/TypeSafety`)
  - React (from `../node_modules/react-native/`)
  - React-callinvoker (from `../node_modules/react-native/ReactCommon/callinvoker`)
  - React-Codegen (from `build/generated/ios`)
  - React-Core (from `../node_modules/react-native/`)
  - React-Core/DevSupport (from `../node_modules/react-native/`)
  - React-Core/RCTWebSocket (from `../node_modules/react-native/`)
  - React-CoreModules (from `../node_modules/react-native/React/CoreModules`)
  - React-cxxreact (from `../node_modules/react-native/ReactCommon/cxxreact`)
  - React-debug (from `../node_modules/react-native/ReactCommon/react/debug`)
  - React-jsc (from `../node_modules/react-native/ReactCommon/jsc`)
  - React-jsi (from `../node_modules/react-native/ReactCommon/jsi`)
  - React-jsiexecutor (from `../node_modules/react-native/ReactCommon/jsiexecutor`)
  - React-jsinspector (from `../node_modules/react-native/ReactCommon/jsinspector`)
  - React-logger (from `../node_modules/react-native/ReactCommon/logger`)
  - react-native-blob-util (from `../node_modules/react-native-blob-util`)
  - react-native-date-picker (from `../node_modules/react-native-date-picker`)
  - react-native-document-picker (from `../node_modules/react-native-document-picker`)
  - "react-native-geolocation (from `../node_modules/@react-native-community/geolocation`)"
  - react-native-image-picker (from `../node_modules/react-native-image-picker`)
  - react-native-maps (from `../node_modules/react-native-maps`)
  - "react-native-netinfo (from `../node_modules/@react-native-community/netinfo`)"
  - react-native-ota-hot-update (from `../node_modules/react-native-ota-hot-update`)
  - react-native-pager-view (from `../node_modules/react-native-pager-view`)
  - react-native-render-html (from `../node_modules/react-native-render-html`)
  - react-native-safe-area-context (from `../node_modules/react-native-safe-area-context`)
  - react-native-webview (from `../node_modules/react-native-webview`)
  - React-NativeModulesApple (from `../node_modules/react-native/ReactCommon/react/nativemodule/core/platform/ios`)
  - React-perflogger (from `../node_modules/react-native/ReactCommon/reactperflogger`)
  - React-RCTActionSheet (from `../node_modules/react-native/Libraries/ActionSheetIOS`)
  - React-RCTAnimation (from `../node_modules/react-native/Libraries/NativeAnimation`)
  - React-RCTAppDelegate (from `../node_modules/react-native/Libraries/AppDelegate`)
  - React-RCTBlob (from `../node_modules/react-native/Libraries/Blob`)
  - React-RCTImage (from `../node_modules/react-native/Libraries/Image`)
  - React-RCTLinking (from `../node_modules/react-native/Libraries/LinkingIOS`)
  - React-RCTNetwork (from `../node_modules/react-native/Libraries/Network`)
  - React-RCTSettings (from `../node_modules/react-native/Libraries/Settings`)
  - React-RCTText (from `../node_modules/react-native/Libraries/Text`)
  - React-RCTVibration (from `../node_modules/react-native/Libraries/Vibration`)
  - React-rncore (from `../node_modules/react-native/ReactCommon`)
  - React-runtimeexecutor (from `../node_modules/react-native/ReactCommon/runtimeexecutor`)
  - React-runtimescheduler (from `../node_modules/react-native/ReactCommon/react/renderer/runtimescheduler`)
  - React-utils (from `../node_modules/react-native/ReactCommon/react/utils`)
  - ReactCommon/turbomodule/core (from `../node_modules/react-native/ReactCommon`)
  - "RNCAsyncStorage (from `../node_modules/@react-native-async-storage/async-storage`)"
  - "RNCCheckbox (from `../node_modules/@react-native-community/checkbox`)"
  - RNDeviceInfo (from `../node_modules/react-native-device-info`)
  - RNFastImage (from `../node_modules/react-native-fast-image`)
  - "RNFBApp (from `../node_modules/@react-native-firebase/app`)"
  - "RNFBAuth (from `../node_modules/@react-native-firebase/auth`)"
  - "RNFBMessaging (from `../node_modules/@react-native-firebase/messaging`)"
  - RNFileViewer (from `../node_modules/react-native-file-viewer`)
  - RNFS (from `../node_modules/react-native-fs`)
  - RNGestureHandler (from `../node_modules/react-native-gesture-handler`)
  - RNImageCropPicker (from `../node_modules/react-native-image-crop-picker`)
  - "RNNotifee (from `../node_modules/@notifee/react-native`)"
  - RNPermissions (from `../node_modules/react-native-permissions`)
  - RNReanimated (from `../node_modules/react-native-reanimated`)
  - RNScreens (from `../node_modules/react-native-screens`)
  - RNSharedElement (from `../node_modules/react-native-shared-element`)
  - RNSVG (from `../node_modules/react-native-svg`)
  - RNVectorIcons (from `../node_modules/react-native-vector-icons`)
  - Yoga (from `../node_modules/react-native/ReactCommon/yoga`)

SPEC REPOS:
  trunk:
    - BEMCheckBox
    - CocoaAsyncSocket
    - Firebase
    - FirebaseAppCheckInterop
    - FirebaseAuth
    - FirebaseCore
    - FirebaseCoreExtension
    - FirebaseCoreInternal
    - FirebaseInstallations
    - FirebaseMessaging
    - Flipper
    - Flipper-Boost-iOSX
    - Flipper-DoubleConversion
    - Flipper-Fmt
    - Flipper-Folly
    - Flipper-Glog
    - Flipper-PeerTalk
    - FlipperKit
    - fmt
    - GoogleAppMeasurement
    - GoogleDataTransport
    - GoogleUtilities
    - GTMSessionFetcher
    - libevent
    - libwebp
    - nanopb
    - OpenSSL-Universal
    - PromisesObjC
    - RecaptchaInterop
    - SDWebImage
    - SDWebImageWebPCoder
    - SocketRocket
    - SSZipArchive
    - TOCropViewController
    - YogaKit

EXTERNAL SOURCES:
  boost:
    :podspec: "../node_modules/react-native/third-party-podspecs/boost.podspec"
  BVLinearGradient:
    :path: "../node_modules/react-native-linear-gradient"
  DoubleConversion:
    :podspec: "../node_modules/react-native/third-party-podspecs/DoubleConversion.podspec"
  FBLazyVector:
    :path: "../node_modules/react-native/Libraries/FBLazyVector"
  FBReactNativeSpec:
    :path: "../node_modules/react-native/React/FBReactNativeSpec"
  glog:
    :podspec: "../node_modules/react-native/third-party-podspecs/glog.podspec"
  RCT-Folly:
    :podspec: "../node_modules/react-native/third-party-podspecs/RCT-Folly.podspec"
  RCTRequired:
    :path: "../node_modules/react-native/Libraries/RCTRequired"
  RCTTypeSafety:
    :path: "../node_modules/react-native/Libraries/TypeSafety"
  React:
    :path: "../node_modules/react-native/"
  React-callinvoker:
    :path: "../node_modules/react-native/ReactCommon/callinvoker"
  React-Codegen:
    :path: build/generated/ios
  React-Core:
    :path: "../node_modules/react-native/"
  React-CoreModules:
    :path: "../node_modules/react-native/React/CoreModules"
  React-cxxreact:
    :path: "../node_modules/react-native/ReactCommon/cxxreact"
  React-debug:
    :path: "../node_modules/react-native/ReactCommon/react/debug"
  React-jsc:
    :path: "../node_modules/react-native/ReactCommon/jsc"
  React-jsi:
    :path: "../node_modules/react-native/ReactCommon/jsi"
  React-jsiexecutor:
    :path: "../node_modules/react-native/ReactCommon/jsiexecutor"
  React-jsinspector:
    :path: "../node_modules/react-native/ReactCommon/jsinspector"
  React-logger:
    :path: "../node_modules/react-native/ReactCommon/logger"
  react-native-blob-util:
    :path: "../node_modules/react-native-blob-util"
  react-native-date-picker:
    :path: "../node_modules/react-native-date-picker"
  react-native-document-picker:
    :path: "../node_modules/react-native-document-picker"
  react-native-geolocation:
    :path: "../node_modules/@react-native-community/geolocation"
  react-native-image-picker:
    :path: "../node_modules/react-native-image-picker"
  react-native-maps:
    :path: "../node_modules/react-native-maps"
  react-native-netinfo:
    :path: "../node_modules/@react-native-community/netinfo"
  react-native-ota-hot-update:
    :path: "../node_modules/react-native-ota-hot-update"
  react-native-pager-view:
    :path: "../node_modules/react-native-pager-view"
  react-native-render-html:
    :path: "../node_modules/react-native-render-html"
  react-native-safe-area-context:
    :path: "../node_modules/react-native-safe-area-context"
  react-native-webview:
    :path: "../node_modules/react-native-webview"
  React-NativeModulesApple:
    :path: "../node_modules/react-native/ReactCommon/react/nativemodule/core/platform/ios"
  React-perflogger:
    :path: "../node_modules/react-native/ReactCommon/reactperflogger"
  React-RCTActionSheet:
    :path: "../node_modules/react-native/Libraries/ActionSheetIOS"
  React-RCTAnimation:
    :path: "../node_modules/react-native/Libraries/NativeAnimation"
  React-RCTAppDelegate:
    :path: "../node_modules/react-native/Libraries/AppDelegate"
  React-RCTBlob:
    :path: "../node_modules/react-native/Libraries/Blob"
  React-RCTImage:
    :path: "../node_modules/react-native/Libraries/Image"
  React-RCTLinking:
    :path: "../node_modules/react-native/Libraries/LinkingIOS"
  React-RCTNetwork:
    :path: "../node_modules/react-native/Libraries/Network"
  React-RCTSettings:
    :path: "../node_modules/react-native/Libraries/Settings"
  React-RCTText:
    :path: "../node_modules/react-native/Libraries/Text"
  React-RCTVibration:
    :path: "../node_modules/react-native/Libraries/Vibration"
  React-rncore:
    :path: "../node_modules/react-native/ReactCommon"
  React-runtimeexecutor:
    :path: "../node_modules/react-native/ReactCommon/runtimeexecutor"
  React-runtimescheduler:
    :path: "../node_modules/react-native/ReactCommon/react/renderer/runtimescheduler"
  React-utils:
    :path: "../node_modules/react-native/ReactCommon/react/utils"
  ReactCommon:
    :path: "../node_modules/react-native/ReactCommon"
  RNCAsyncStorage:
    :path: "../node_modules/@react-native-async-storage/async-storage"
  RNCCheckbox:
    :path: "../node_modules/@react-native-community/checkbox"
  RNDeviceInfo:
    :path: "../node_modules/react-native-device-info"
  RNFastImage:
    :path: "../node_modules/react-native-fast-image"
  RNFBApp:
    :path: "../node_modules/@react-native-firebase/app"
  RNFBAuth:
    :path: "../node_modules/@react-native-firebase/auth"
  RNFBMessaging:
    :path: "../node_modules/@react-native-firebase/messaging"
  RNFileViewer:
    :path: "../node_modules/react-native-file-viewer"
  RNFS:
    :path: "../node_modules/react-native-fs"
  RNGestureHandler:
    :path: "../node_modules/react-native-gesture-handler"
  RNImageCropPicker:
    :path: "../node_modules/react-native-image-crop-picker"
  RNNotifee:
    :path: "../node_modules/@notifee/react-native"
  RNPermissions:
    :path: "../node_modules/react-native-permissions"
  RNReanimated:
    :path: "../node_modules/react-native-reanimated"
  RNScreens:
    :path: "../node_modules/react-native-screens"
  RNSharedElement:
    :path: "../node_modules/react-native-shared-element"
  RNSVG:
    :path: "../node_modules/react-native-svg"
  RNVectorIcons:
    :path: "../node_modules/react-native-vector-icons"
  Yoga:
    :path: "../node_modules/react-native/ReactCommon/yoga"

SPEC CHECKSUMS:
  BEMCheckBox: 5ba6e37ade3d3657b36caecc35c8b75c6c2b1a4e
  boost: 7dcd2de282d72e344012f7d6564d024930a6a440
  BVLinearGradient: cb006ba232a1f3e4f341bb62c42d1098c284da70
  CocoaAsyncSocket: 065fd1e645c7abab64f7a6a2007a48038fdc6a99
  DoubleConversion: 5189b271737e1565bdce30deb4a08d647e3f5f54
  FBLazyVector: dc178b8748748c036ef9493a5d59d6d1f91a36ce
  FBReactNativeSpec: d0aaae78e93c89dc2d691d8052a4d2aeb1b461ee
  Firebase: 6c1bf3f534bc422d52af2e41fe0d50bf08b6b773
  FirebaseAppCheckInterop: 6a1757cfd4067d8e00fccd14fcc1b8fd78cfac07
  FirebaseAuth: bd1ae3d28beb83bfe9247e50eb82688b683dd770
  FirebaseCore: 6fc17ac9f03509d51c131298aacb3ee5698b4f02
  FirebaseCoreExtension: 976638051b1a46b503afce7ec80277f9161f2040
  FirebaseCoreInternal: df84dd300b561c27d5571684f389bf60b0a5c934
  FirebaseInstallations: 913cf60d0400ebd5d6b63a28b290372ab44590dd
  FirebaseMessaging: 1077a4499f0c0a140b9a2e34fe08a1acc806b36d
  Flipper: 6edb735e6c3e332975d1b17956bcc584eccf5818
  Flipper-Boost-iOSX: fd1e2b8cbef7e662a122412d7ac5f5bea715403c
  Flipper-DoubleConversion: 2dc99b02f658daf147069aad9dbd29d8feb06d30
  Flipper-Fmt: 60cbdd92fc254826e61d669a5d87ef7015396a9b
  Flipper-Folly: 584845625005ff068a6ebf41f857f468decd26b3
  Flipper-Glog: 70c50ce58ddaf67dc35180db05f191692570f446
  Flipper-PeerTalk: 116d8f857dc6ef55c7a5a75ea3ceaafe878aadc9
  FlipperKit: 2efad7007d6745a3f95e4034d547be637f89d3f6
  fmt: ff9d55029c625d3757ed641535fd4a75fedc7ce9
  glog: 04b94705f318337d7ead9e6d17c019bd9b1f6b1b
  GoogleAppMeasurement: f9de05ee17401e3355f68e8fc8b5064d429f5918
  GoogleDataTransport: 6c09b596d841063d76d4288cc2d2f42cc36e1e2a
  GoogleUtilities: ea963c370a38a8069cc5f7ba4ca849a60b6d7d15
  GTMSessionFetcher: 5aea5ba6bd522a239e236100971f10cb71b96ab6
  libevent: 4049cae6c81cdb3654a443be001fb9bdceff7913
  libwebp: 02b23773aedb6ff1fd38cec7a77b81414c6842a8
  nanopb: d4d75c12cd1316f4a64e3c6963f879ecd4b5e0d5
  OpenSSL-Universal: ebc357f1e6bc71fa463ccb2fe676756aff50e88c
  PromisesObjC: f5707f49cb48b9636751c5b2e7d227e43fba9f47
  RCT-Folly: 8dc08ca5a393b48b1c523ab6220dfdcc0fe000ad
  RCTRequired: f30c3213569b1dc43659ecc549a6536e1e11139e
  RCTTypeSafety: e1ed3137728804fa98bce30b70e3da0b8e23054e
  React: 54070abee263d5773486987f1cf3a3616710ed52
  React-callinvoker: 794ea19cc4d8ce25921893141e131b9d6b7d02eb
  React-Codegen: 011173b47c6fcecdedb4867df76fee64e3c2df37
  React-Core: d6fbba0b28e6150417029da631f7ea8d40c820d6
  React-CoreModules: 1d1f0fca9091fbd0bbebbbd8db5e7bf1b5ed1336
  React-cxxreact: a553b8c858b0e738661b3d93c68d25ca3f91c210
  React-debug: 4dca41301a67ab2916b2c99bef60344a7b653ac5
  React-jsc: 44ec1ce4171f4b6776810618da8e3da45899ea77
  React-jsi: 37de3d4ffc680f2f89546eff180bfbc7d1ced329
  React-jsiexecutor: 5be89a6bee1fba437c47ed137caf020d3f1656b0
  React-jsinspector: 54205b269da20c51417e0fc02c4cde9f29a4bf1a
  React-logger: 81785c91d2fcc517657ff456c106c6d8e9ec4110
  react-native-blob-util: 25a51bfa8a5003655255920d45fb21ee3ff3ed2a
  react-native-date-picker: 2eca217a8fb09c517f5bb6b23978718c6cec59ec
  react-native-document-picker: c586098a24ae21bd44b1bd601e403c2b32854f38
  react-native-geolocation: 9e89c8dbec96c6671da28da6c20f13a0a2a1785f
  react-native-image-picker: f02b573847436881b851f74b7afbf26a0b0107aa
  react-native-maps: deb2adbdf309b622f15055b72b8742054929c740
  react-native-netinfo: 26560022f28c06d8ef00a9ff1e03beefbbb60c2d
  react-native-ota-hot-update: f953a5ce54138cd52b332d8b509933629ae8ce68
  react-native-pager-view: 133c83c04d27ae21a73079a176465bd885ec052b
  react-native-render-html: 5afc4751f1a98621b3009432ef84c47019dcb2bd
  react-native-safe-area-context: ca0ebcd9798c5a45863c608c961d4f3f984b6ed2
  react-native-webview: 9b7ecf838e9f09396fa75dfa8811a858289fdba8
  React-NativeModulesApple: 22d7f35eff6a648b7795e398ce12ed27f51f5efc
  React-perflogger: cb433f318c6667060fc1f62e26eb58d6eb30a627
  React-RCTActionSheet: 0af3f8ac067e8a1dde902810b7ad169d0a0ec31e
  React-RCTAnimation: 453a88e76ba6cb49819686acd8b21ce4d9ee4232
  React-RCTAppDelegate: c51dab903a7494a8567af8093a4f294e8599d623
  React-RCTBlob: a64134435f331c7cc716dcea6944a1443af49d32
  React-RCTImage: 8e059fbdfab18b86127424dc3742532aab960760
  React-RCTLinking: 05ae2aa525b21a7f1c5069c14330700f470efd97
  React-RCTNetwork: 7ed9d99d028c53e9a23e318f65937f499ba8a6fd
  React-RCTSettings: 8b12ebf04d4baa0e259017fcef6cf7abd7d8ac51
  React-RCTText: a062ade9ff1591c46bcb6c5055fd4f96c154b8aa
  React-RCTVibration: 87c490b6f01746ab8f9b4e555f514cc030c06731
  React-rncore: 140bc11b316da7003bf039844aef39e1c242d7ad
  React-runtimeexecutor: 226ebef5f625878d3028b196cbecbbdeb6f208e4
  React-runtimescheduler: 0af05f17b5ebc8902d002179cde1a5435be12a4c
  React-utils: 91c44ba497ce661c8b132eba747a93936ea557b3
  ReactCommon: 60837989638f4daebff858dfc670974267c093cb
  RecaptchaInterop: 7d1a4a01a6b2cb1610a47ef3f85f0c411434cb21
  RNCAsyncStorage: b44e8a4e798c3e1f56bffccd0f591f674fb9198f
  RNCCheckbox: 33b44487ca8008394ce658cc32b26eab04f426ef
  RNDeviceInfo: 98bb51ba1519cd3f19f14e7236b5bb1c312c780f
  RNFastImage: 462a183c4b0b6b26fdfd639e1ed6ba37536c3b87
  RNFBApp: 9c594ccf53b7607fa63fae590127ce512809e05d
  RNFBAuth: fd137608d6c772bffe55d54c919b7ca5e2323426
  RNFBMessaging: 34bed6a75bb1a5782a2019b2d5143852858b79e2
  RNFileViewer: 4b5d83358214347e4ab2d4ca8d5c1c90d869e251
  RNFS: 89de7d7f4c0f6bafa05343c578f61118c8282ed8
  RNGestureHandler: 025e54543330650898436f429d9220ebf64d22f5
  RNImageCropPicker: 5779c9f0ddf35d09d6b872d03e9628ed765548ad
  RNNotifee: 5e3b271e8ea7456a36eec994085543c9adca9168
  RNPermissions: 427d01312e20e510f5f6b24eaf9eb14469f1c5d8
  RNReanimated: 37f7df4badee152a45b4b569868225b083e92e91
  RNScreens: c04e015e917ce64d0983974d8efb8fa1dc1ddc56
  RNSharedElement: ff8a53979dfc16ac1bb9d3c35cd7dbd3b9645d75
  RNSVG: 38b927ba26d717c85522fbf9a04b87dcd2d8227a
  RNVectorIcons: 2a7ec3ea0e8af048e16f8d30bfaedc21d649c502
  SDWebImage: a7f831e1a65eb5e285e3fb046a23fcfbf08e696d
  SDWebImageWebPCoder: 908b83b6adda48effe7667cd2b7f78c897e5111d
  SocketRocket: f32cd54efbe0f095c4d7594881e52619cfe80b17
  SSZipArchive: fe6a26b2a54d5a0890f2567b5cc6de5caa600aef
  TOCropViewController: 797deaf39c90e6e9ddd848d88817f6b9a8a09888
  Yoga: eddf2bbe4a896454c248a8f23b4355891eb720a6
  YogaKit: f782866e155069a2cca2517aafea43200b01fd5a

PODFILE CHECKSUM: 0f9c9cafd8f230fe3484b56866c2e4ab0a315b9d

COCOAPODS: 1.16.2
